// !$*UTF8*$!
{
	archiveVersion = 1;
	classes = {
	};
	objectVersion = 50;
	objects = {

/* Begin PBXBuildFile section */
		BE068E6422EF087A0000D85D /* UploaderModel.xcdatamodeld in Sources */ = {isa = PBXBuildFile; fileRef = BE068E6222EF087A0000D85D /* UploaderModel.xcdatamodeld */; };
		BE068E6C22EF1EAE0000D85D /* ShareViewController.swift in Sources */ = {isa = PBXBuildFile; fileRef = BE068E6B22EF1EAE0000D85D /* ShareViewController.swift */; };
		BE068E6F22EF1EAE0000D85D /* MainInterface.storyboard in Resources */ = {isa = PBXBuildFile; fileRef = BE068E6D22EF1EAE0000D85D /* MainInterface.storyboard */; };
		BE068E7322EF1EAE0000D85D /* sharechild.appex in Embed App Extensions */ = {isa = PBXBuildFile; fileRef = BE068E6922EF1EAE0000D85D /* sharechild.appex */; settings = {ATTRIBUTES = (RemoveHeadersOnCopy, ); }; };
		BE068E7822EF205F0000D85D /* UploadHelper.swift in Sources */ = {isa = PBXBuildFile; fileRef = BEB0DEAE22EEC0FD006E431F /* UploadHelper.swift */; };
		BE068E7922EF20750000D85D /* UploadObjects.swift in Sources */ = {isa = PBXBuildFile; fileRef = BE08416B22EE967500038256 /* UploadObjects.swift */; };
		BE068E7A22EF23BE0000D85D /* CoreDataHelper.swift in Sources */ = {isa = PBXBuildFile; fileRef = BEB0DEAC22EEAFF0006E431F /* CoreDataHelper.swift */; };
		BE068E7B22EF23C20000D85D /* UploaderModel.xcdatamodeld in Sources */ = {isa = PBXBuildFile; fileRef = BE068E6222EF087A0000D85D /* UploaderModel.xcdatamodeld */; };
		BE068E7D22EF25D50000D85D /* Constants.swift in Sources */ = {isa = PBXBuildFile; fileRef = BEB0DEB122EEC50F006E431F /* Constants.swift */; };
		BEB0DEAD22EEAFF0006E431F /* CoreDataHelper.swift in Sources */ = {isa = PBXBuildFile; fileRef = BEB0DEAC22EEAFF0006E431F /* CoreDataHelper.swift */; };
		BEB0DEAF22EEC0FD006E431F /* UploadHelper.swift in Sources */ = {isa = PBXBuildFile; fileRef = BEB0DEAE22EEC0FD006E431F /* UploadHelper.swift */; };
		BEB0DEB022EEC426006E431F /* UploadObjects.swift in Sources */ = {isa = PBXBuildFile; fileRef = BE08416B22EE967500038256 /* UploadObjects.swift */; };
		BEB0DEB222EEC50F006E431F /* Constants.swift in Sources */ = {isa = PBXBuildFile; fileRef = BEB0DEB122EEC50F006E431F /* Constants.swift */; };
		BECED07622ED257C0000ADFE /* AppDelegate.swift in Sources */ = {isa = PBXBuildFile; fileRef = BECED07522ED257C0000ADFE /* AppDelegate.swift */; };
		BECED07822ED257C0000ADFE /* SceneDelegate.swift in Sources */ = {isa = PBXBuildFile; fileRef = BECED07722ED257C0000ADFE /* SceneDelegate.swift */; };
		BECED07A22ED257C0000ADFE /* ImagesController.swift in Sources */ = {isa = PBXBuildFile; fileRef = BECED07922ED257C0000ADFE /* ImagesController.swift */; };
		BECED07C22ED257C0000ADFE /* UploadController.swift in Sources */ = {isa = PBXBuildFile; fileRef = BECED07B22ED257C0000ADFE /* UploadController.swift */; };
		BECED07F22ED257C0000ADFE /* Main.storyboard in Resources */ = {isa = PBXBuildFile; fileRef = BECED07D22ED257C0000ADFE /* Main.storyboard */; };
		BECED08422ED257D0000ADFE /* Assets.xcassets in Resources */ = {isa = PBXBuildFile; fileRef = BECED08322ED257D0000ADFE /* Assets.xcassets */; };
		BECED08722ED257D0000ADFE /* LaunchScreen.storyboard in Resources */ = {isa = PBXBuildFile; fileRef = BECED08522ED257D0000ADFE /* LaunchScreen.storyboard */; };
		BECED09222ED257D0000ADFE /* uploaderthingyTests.swift in Sources */ = {isa = PBXBuildFile; fileRef = BECED09122ED257D0000ADFE /* uploaderthingyTests.swift */; };
		BECED09D22ED257D0000ADFE /* uploaderthingyUITests.swift in Sources */ = {isa = PBXBuildFile; fileRef = BECED09C22ED257D0000ADFE /* uploaderthingyUITests.swift */; };
		BECED0B622EDCDC10000ADFE /* BaseController.swift in Sources */ = {isa = PBXBuildFile; fileRef = BECED0B522EDCDC10000ADFE /* BaseController.swift */; };
		E8D5A757384EC48CB1339DF4 /* Pods_uploaderthingyUITests.framework in Frameworks */ = {isa = PBXBuildFile; fileRef = BDC39D12C57A4E919A8C85AC /* Pods_uploaderthingyUITests.framework */; };
		FFDBC9D4F3FB7499EEBBC002 /* Pods_uploaderthingyTests.framework in Frameworks */ = {isa = PBXBuildFile; fileRef = 9339EAD247EC617E98BD212C /* Pods_uploaderthingyTests.framework */; };
/* End PBXBuildFile section */

/* Begin PBXContainerItemProxy section */
		BE068E7122EF1EAE0000D85D /* PBXContainerItemProxy */ = {
			isa = PBXContainerItemProxy;
			containerPortal = BECED06A22ED257C0000ADFE /* Project object */;
			proxyType = 1;
			remoteGlobalIDString = BE068E6822EF1EAE0000D85D;
			remoteInfo = sharechild;
		};
		BECED08E22ED257D0000ADFE /* PBXContainerItemProxy */ = {
			isa = PBXContainerItemProxy;
			containerPortal = BECED06A22ED257C0000ADFE /* Project object */;
			proxyType = 1;
			remoteGlobalIDString = BECED07122ED257C0000ADFE;
			remoteInfo = uploaderthingy;
		};
		BECED09922ED257D0000ADFE /* PBXContainerItemProxy */ = {
			isa = PBXContainerItemProxy;
			containerPortal = BECED06A22ED257C0000ADFE /* Project object */;
			proxyType = 1;
			remoteGlobalIDString = BECED07122ED257C0000ADFE;
			remoteInfo = uploaderthingy;
		};
/* End PBXContainerItemProxy section */

/* Begin PBXCopyFilesBuildPhase section */
		BE068E7722EF1EAE0000D85D /* Embed App Extensions */ = {
			isa = PBXCopyFilesBuildPhase;
			buildActionMask = 2147483647;
			dstPath = "";
			dstSubfolderSpec = 13;
			files = (
				BE068E7322EF1EAE0000D85D /* sharechild.appex in Embed App Extensions */,
			);
			name = "Embed App Extensions";
			runOnlyForDeploymentPostprocessing = 0;
		};
/* End PBXCopyFilesBuildPhase section */

/* Begin PBXFileReference section */
		341317B90BE1FD56EB7CBC4F /* Pods-uploaderthingyTests.debug.xcconfig */ = {isa = PBXFileReference; includeInIndex = 1; lastKnownFileType = text.xcconfig; name = "Pods-uploaderthingyTests.debug.xcconfig"; path = "Target Support Files/Pods-uploaderthingyTests/Pods-uploaderthingyTests.debug.xcconfig"; sourceTree = "<group>"; };
		3AB8D6CE2FB0BD4C8526466C /* Pods_uploaderthingy.framework */ = {isa = PBXFileReference; explicitFileType = wrapper.framework; includeInIndex = 0; path = Pods_uploaderthingy.framework; sourceTree = BUILT_PRODUCTS_DIR; };
		43CCA539C3722DE172D89BE3 /* Pods-uploaderthingy.release.xcconfig */ = {isa = PBXFileReference; includeInIndex = 1; lastKnownFileType = text.xcconfig; name = "Pods-uploaderthingy.release.xcconfig"; path = "Target Support Files/Pods-uploaderthingy/Pods-uploaderthingy.release.xcconfig"; sourceTree = "<group>"; };
		9339EAD247EC617E98BD212C /* Pods_uploaderthingyTests.framework */ = {isa = PBXFileReference; explicitFileType = wrapper.framework; includeInIndex = 0; path = Pods_uploaderthingyTests.framework; sourceTree = BUILT_PRODUCTS_DIR; };
		BDC39D12C57A4E919A8C85AC /* Pods_uploaderthingyUITests.framework */ = {isa = PBXFileReference; explicitFileType = wrapper.framework; includeInIndex = 0; path = Pods_uploaderthingyUITests.framework; sourceTree = BUILT_PRODUCTS_DIR; };
		BE068E6322EF087A0000D85D /* UploaderCoreDataModel.xcdatamodel */ = {isa = PBXFileReference; lastKnownFileType = wrapper.xcdatamodel; path = UploaderCoreDataModel.xcdatamodel; sourceTree = "<group>"; };
		BE068E6922EF1EAE0000D85D /* sharechild.appex */ = {isa = PBXFileReference; explicitFileType = "wrapper.app-extension"; includeInIndex = 0; path = sharechild.appex; sourceTree = BUILT_PRODUCTS_DIR; };
		BE068E6B22EF1EAE0000D85D /* ShareViewController.swift */ = {isa = PBXFileReference; lastKnownFileType = sourcecode.swift; name = ShareViewController.swift; path = sharechild/ShareViewController.swift; sourceTree = SOURCE_ROOT; };
		BE068E6E22EF1EAE0000D85D /* Base */ = {isa = PBXFileReference; lastKnownFileType = file.storyboard; name = Base; path = Base.lproj/MainInterface.storyboard; sourceTree = "<group>"; };
		BE068E7022EF1EAE0000D85D /* Info.plist */ = {isa = PBXFileReference; lastKnownFileType = text.plist.xml; name = Info.plist; path = sharechild/Info.plist; sourceTree = SOURCE_ROOT; };
		BE068E7C22EF24BC0000D85D /* sharechild.entitlements */ = {isa = PBXFileReference; lastKnownFileType = text.plist.entitlements; path = sharechild.entitlements; sourceTree = "<group>"; };
		BE08416B22EE967500038256 /* UploadObjects.swift */ = {isa = PBXFileReference; lastKnownFileType = sourcecode.swift; path = UploadObjects.swift; sourceTree = "<group>"; };
		BEB0DEAC22EEAFF0006E431F /* CoreDataHelper.swift */ = {isa = PBXFileReference; lastKnownFileType = sourcecode.swift; name = CoreDataHelper.swift; path = ../../../../../../../../System/Volumes/Data/Users/meme/nocloud/git_repos/uploaderthingy/uploaderthingy/uploaderthingy/Helpers/CoreDataHelper.swift; sourceTree = "<group>"; };
		BEB0DEAE22EEC0FD006E431F /* UploadHelper.swift */ = {isa = PBXFileReference; lastKnownFileType = sourcecode.swift; name = UploadHelper.swift; path = ../../../../../../../../System/Volumes/Data/Users/meme/nocloud/git_repos/uploaderthingy/uploaderthingy/uploaderthingy/Helpers/UploadHelper.swift; sourceTree = "<group>"; };
		BEB0DEB122EEC50F006E431F /* Constants.swift */ = {isa = PBXFileReference; lastKnownFileType = sourcecode.swift; name = Constants.swift; path = ../../../../../../System/Volumes/Data/Users/meme/nocloud/git_repos/uploaderthingy/uploaderthingy/uploaderthingy/Constants.swift; sourceTree = SOURCE_ROOT; };
		BECED07222ED257C0000ADFE /* uploaderthingy.app */ = {isa = PBXFileReference; explicitFileType = wrapper.application; includeInIndex = 0; path = uploaderthingy.app; sourceTree = BUILT_PRODUCTS_DIR; };
		BECED07522ED257C0000ADFE /* AppDelegate.swift */ = {isa = PBXFileReference; lastKnownFileType = sourcecode.swift; path = AppDelegate.swift; sourceTree = "<group>"; };
		BECED07722ED257C0000ADFE /* SceneDelegate.swift */ = {isa = PBXFileReference; lastKnownFileType = sourcecode.swift; path = SceneDelegate.swift; sourceTree = "<group>"; };
		BECED07922ED257C0000ADFE /* ImagesController.swift */ = {isa = PBXFileReference; lastKnownFileType = sourcecode.swift; path = ImagesController.swift; sourceTree = "<group>"; };
		BECED07B22ED257C0000ADFE /* UploadController.swift */ = {isa = PBXFileReference; lastKnownFileType = sourcecode.swift; path = UploadController.swift; sourceTree = "<group>"; };
		BECED07E22ED257C0000ADFE /* Base */ = {isa = PBXFileReference; lastKnownFileType = file.storyboard; name = Base; path = Base.lproj/Main.storyboard; sourceTree = "<group>"; };
		BECED08322ED257D0000ADFE /* Assets.xcassets */ = {isa = PBXFileReference; lastKnownFileType = folder.assetcatalog; path = Assets.xcassets; sourceTree = "<group>"; };
		BECED08622ED257D0000ADFE /* Base */ = {isa = PBXFileReference; lastKnownFileType = file.storyboard; name = Base; path = Base.lproj/LaunchScreen.storyboard; sourceTree = "<group>"; };
		BECED08822ED257D0000ADFE /* Info.plist */ = {isa = PBXFileReference; lastKnownFileType = text.plist.xml; path = Info.plist; sourceTree = "<group>"; };
		BECED08D22ED257D0000ADFE /* uploaderthingyTests.xctest */ = {isa = PBXFileReference; explicitFileType = wrapper.cfbundle; includeInIndex = 0; path = uploaderthingyTests.xctest; sourceTree = BUILT_PRODUCTS_DIR; };
		BECED09122ED257D0000ADFE /* uploaderthingyTests.swift */ = {isa = PBXFileReference; lastKnownFileType = sourcecode.swift; path = uploaderthingyTests.swift; sourceTree = "<group>"; };
		BECED09322ED257D0000ADFE /* Info.plist */ = {isa = PBXFileReference; lastKnownFileType = text.plist.xml; path = Info.plist; sourceTree = "<group>"; };
		BECED09822ED257D0000ADFE /* uploaderthingyUITests.xctest */ = {isa = PBXFileReference; explicitFileType = wrapper.cfbundle; includeInIndex = 0; path = uploaderthingyUITests.xctest; sourceTree = BUILT_PRODUCTS_DIR; };
		BECED09C22ED257D0000ADFE /* uploaderthingyUITests.swift */ = {isa = PBXFileReference; lastKnownFileType = sourcecode.swift; path = uploaderthingyUITests.swift; sourceTree = "<group>"; };
		BECED09E22ED257D0000ADFE /* Info.plist */ = {isa = PBXFileReference; lastKnownFileType = text.plist.xml; path = Info.plist; sourceTree = "<group>"; };
		BECED0AD22ED367A0000ADFE /* uploaderthingy.entitlements */ = {isa = PBXFileReference; lastKnownFileType = text.plist.entitlements; path = uploaderthingy.entitlements; sourceTree = "<group>"; };
		BECED0B122EDC7070000ADFE /* AppKit.framework */ = {isa = PBXFileReference; lastKnownFileType = wrapper.framework; name = AppKit.framework; path = Platforms/MacOSX.platform/Developer/SDKs/MacOSX10.15.sdk/System/Library/Frameworks/AppKit.framework; sourceTree = DEVELOPER_DIR; };
		BECED0B522EDCDC10000ADFE /* BaseController.swift */ = {isa = PBXFileReference; lastKnownFileType = sourcecode.swift; name = BaseController.swift; path = ../../../../../../System/Volumes/Data/Users/meme/nocloud/git_repos/uploaderthingy/uploaderthingy/uploaderthingy/BaseController.swift; sourceTree = SOURCE_ROOT; };
		D929A4DE7913854758100C64 /* Pods-uploaderthingyUITests.release.xcconfig */ = {isa = PBXFileReference; includeInIndex = 1; lastKnownFileType = text.xcconfig; name = "Pods-uploaderthingyUITests.release.xcconfig"; path = "Target Support Files/Pods-uploaderthingyUITests/Pods-uploaderthingyUITests.release.xcconfig"; sourceTree = "<group>"; };
		DACADCDA66B6719BD1400B39 /* Pods-uploaderthingyUITests.debug.xcconfig */ = {isa = PBXFileReference; includeInIndex = 1; lastKnownFileType = text.xcconfig; name = "Pods-uploaderthingyUITests.debug.xcconfig"; path = "Target Support Files/Pods-uploaderthingyUITests/Pods-uploaderthingyUITests.debug.xcconfig"; sourceTree = "<group>"; };
		F6E4EA5CB7B452289F6E944E /* Pods-uploaderthingy.debug.xcconfig */ = {isa = PBXFileReference; includeInIndex = 1; lastKnownFileType = text.xcconfig; name = "Pods-uploaderthingy.debug.xcconfig"; path = "Target Support Files/Pods-uploaderthingy/Pods-uploaderthingy.debug.xcconfig"; sourceTree = "<group>"; };
		FF292CBB8319D5D886DF5C62 /* Pods-uploaderthingyTests.release.xcconfig */ = {isa = PBXFileReference; includeInIndex = 1; lastKnownFileType = text.xcconfig; name = "Pods-uploaderthingyTests.release.xcconfig"; path = "Target Support Files/Pods-uploaderthingyTests/Pods-uploaderthingyTests.release.xcconfig"; sourceTree = "<group>"; };
/* End PBXFileReference section */

/* Begin PBXFrameworksBuildPhase section */
		BE068E6622EF1EAE0000D85D /* Frameworks */ = {
			isa = PBXFrameworksBuildPhase;
			buildActionMask = 2147483647;
			files = (
			);
			runOnlyForDeploymentPostprocessing = 0;
		};
		BECED06F22ED257C0000ADFE /* Frameworks */ = {
			isa = PBXFrameworksBuildPhase;
			buildActionMask = 2147483647;
			files = (
			);
			runOnlyForDeploymentPostprocessing = 0;
		};
		BECED08A22ED257D0000ADFE /* Frameworks */ = {
			isa = PBXFrameworksBuildPhase;
			buildActionMask = 2147483647;
			files = (
				FFDBC9D4F3FB7499EEBBC002 /* Pods_uploaderthingyTests.framework in Frameworks */,
			);
			runOnlyForDeploymentPostprocessing = 0;
		};
		BECED09522ED257D0000ADFE /* Frameworks */ = {
			isa = PBXFrameworksBuildPhase;
			buildActionMask = 2147483647;
			files = (
				E8D5A757384EC48CB1339DF4 /* Pods_uploaderthingyUITests.framework in Frameworks */,
			);
			runOnlyForDeploymentPostprocessing = 0;
		};
/* End PBXFrameworksBuildPhase section */

/* Begin PBXGroup section */
		66A8536BD863CD68649658F8 /* Pods */ = {
			isa = PBXGroup;
			children = (
				F6E4EA5CB7B452289F6E944E /* Pods-uploaderthingy.debug.xcconfig */,
				43CCA539C3722DE172D89BE3 /* Pods-uploaderthingy.release.xcconfig */,
				341317B90BE1FD56EB7CBC4F /* Pods-uploaderthingyTests.debug.xcconfig */,
				FF292CBB8319D5D886DF5C62 /* Pods-uploaderthingyTests.release.xcconfig */,
				DACADCDA66B6719BD1400B39 /* Pods-uploaderthingyUITests.debug.xcconfig */,
				D929A4DE7913854758100C64 /* Pods-uploaderthingyUITests.release.xcconfig */,
			);
			name = Pods;
			path = ../Pods;
			sourceTree = "<group>";
		};
		BE068E6A22EF1EAE0000D85D /* sharechild */ = {
			isa = PBXGroup;
			children = (
				BE068E7C22EF24BC0000D85D /* sharechild.entitlements */,
				BE068E6B22EF1EAE0000D85D /* ShareViewController.swift */,
				BE068E6D22EF1EAE0000D85D /* MainInterface.storyboard */,
				BE068E7022EF1EAE0000D85D /* Info.plist */,
			);
			path = sharechild;
			sourceTree = SOURCE_ROOT;
		};
		BE08416A22EE966000038256 /* Model */ = {
			isa = PBXGroup;
			children = (
				BE068E6222EF087A0000D85D /* UploaderModel.xcdatamodeld */,
				BE08416B22EE967500038256 /* UploadObjects.swift */,
			);
			path = Model;
			sourceTree = "<group>";
		};
		BE08416F22EEAF7600038256 /* Helpers */ = {
			isa = PBXGroup;
			children = (
				BEB0DEAC22EEAFF0006E431F /* CoreDataHelper.swift */,
				BEB0DEAE22EEC0FD006E431F /* UploadHelper.swift */,
			);
			path = Helpers;
			sourceTree = "<group>";
		};
		BECED06922ED257C0000ADFE = {
			isa = PBXGroup;
			children = (
				BECED07422ED257C0000ADFE /* uploaderthingy */,
				BECED09022ED257D0000ADFE /* uploaderthingyTests */,
				BECED09B22ED257D0000ADFE /* uploaderthingyUITests */,
				BE068E6A22EF1EAE0000D85D /* sharechild */,
				BECED07322ED257C0000ADFE /* Products */,
				BECED0B022EDC7060000ADFE /* Frameworks */,
				66A8536BD863CD68649658F8 /* Pods */,
			);
			sourceTree = "<group>";
		};
		BECED07322ED257C0000ADFE /* Products */ = {
			isa = PBXGroup;
			children = (
				BECED07222ED257C0000ADFE /* uploaderthingy.app */,
				BECED08D22ED257D0000ADFE /* uploaderthingyTests.xctest */,
				BECED09822ED257D0000ADFE /* uploaderthingyUITests.xctest */,
				BE068E6922EF1EAE0000D85D /* sharechild.appex */,
			);
			name = Products;
			sourceTree = "<group>";
		};
		BECED07422ED257C0000ADFE /* uploaderthingy */ = {
			isa = PBXGroup;
			children = (
				BE08416F22EEAF7600038256 /* Helpers */,
				BE08416A22EE966000038256 /* Model */,
				BECED0AD22ED367A0000ADFE /* uploaderthingy.entitlements */,
				BECED07522ED257C0000ADFE /* AppDelegate.swift */,
				BECED07722ED257C0000ADFE /* SceneDelegate.swift */,
				BECED07922ED257C0000ADFE /* ImagesController.swift */,
				BECED07B22ED257C0000ADFE /* UploadController.swift */,
				BECED07D22ED257C0000ADFE /* Main.storyboard */,
				BECED08322ED257D0000ADFE /* Assets.xcassets */,
				BECED08522ED257D0000ADFE /* LaunchScreen.storyboard */,
				BECED08822ED257D0000ADFE /* Info.plist */,
				BECED0B522EDCDC10000ADFE /* BaseController.swift */,
				BEB0DEB122EEC50F006E431F /* Constants.swift */,
			);
			path = uploaderthingy;
			sourceTree = "<group>";
		};
		BECED09022ED257D0000ADFE /* uploaderthingyTests */ = {
			isa = PBXGroup;
			children = (
				BECED09122ED257D0000ADFE /* uploaderthingyTests.swift */,
				BECED09322ED257D0000ADFE /* Info.plist */,
			);
			path = uploaderthingyTests;
			sourceTree = "<group>";
		};
		BECED09B22ED257D0000ADFE /* uploaderthingyUITests */ = {
			isa = PBXGroup;
			children = (
				BECED09C22ED257D0000ADFE /* uploaderthingyUITests.swift */,
				BECED09E22ED257D0000ADFE /* Info.plist */,
			);
			path = uploaderthingyUITests;
			sourceTree = "<group>";
		};
		BECED0B022EDC7060000ADFE /* Frameworks */ = {
			isa = PBXGroup;
			children = (
				BECED0B122EDC7070000ADFE /* AppKit.framework */,
				3AB8D6CE2FB0BD4C8526466C /* Pods_uploaderthingy.framework */,
				9339EAD247EC617E98BD212C /* Pods_uploaderthingyTests.framework */,
				BDC39D12C57A4E919A8C85AC /* Pods_uploaderthingyUITests.framework */,
			);
			name = Frameworks;
			sourceTree = "<group>";
		};
/* End PBXGroup section */

/* Begin PBXNativeTarget section */
		BE068E6822EF1EAE0000D85D /* sharechild */ = {
			isa = PBXNativeTarget;
			buildConfigurationList = BE068E7422EF1EAE0000D85D /* Build configuration list for PBXNativeTarget "sharechild" */;
			buildPhases = (
				BE068E6522EF1EAE0000D85D /* Sources */,
				BE068E6622EF1EAE0000D85D /* Frameworks */,
				BE068E6722EF1EAE0000D85D /* Resources */,
			);
			buildRules = (
			);
			dependencies = (
			);
			name = sharechild;
			productName = sharechild;
			productReference = BE068E6922EF1EAE0000D85D /* sharechild.appex */;
			productType = "com.apple.product-type.app-extension";
		};
		BECED07122ED257C0000ADFE /* uploaderthingy */ = {
			isa = PBXNativeTarget;
			buildConfigurationList = BECED0A122ED257D0000ADFE /* Build configuration list for PBXNativeTarget "uploaderthingy" */;
			buildPhases = (
				8E83F9190CD17EC220FB06B8 /* [CP] Check Pods Manifest.lock */,
				BECED06E22ED257C0000ADFE /* Sources */,
				BECED06F22ED257C0000ADFE /* Frameworks */,
				BECED07022ED257C0000ADFE /* Resources */,
				BE068E7722EF1EAE0000D85D /* Embed App Extensions */,
			);
			buildRules = (
			);
			dependencies = (
				BE068E7222EF1EAE0000D85D /* PBXTargetDependency */,
			);
			name = uploaderthingy;
			productName = uploaderthingy;
			productReference = BECED07222ED257C0000ADFE /* uploaderthingy.app */;
			productType = "com.apple.product-type.application";
		};
		BECED08C22ED257D0000ADFE /* uploaderthingyTests */ = {
			isa = PBXNativeTarget;
			buildConfigurationList = BECED0A422ED257D0000ADFE /* Build configuration list for PBXNativeTarget "uploaderthingyTests" */;
			buildPhases = (
				B71FCCD57F89CE8BBFEDA28F /* [CP] Check Pods Manifest.lock */,
				BECED08922ED257D0000ADFE /* Sources */,
				BECED08A22ED257D0000ADFE /* Frameworks */,
				BECED08B22ED257D0000ADFE /* Resources */,
			);
			buildRules = (
			);
			dependencies = (
				BECED08F22ED257D0000ADFE /* PBXTargetDependency */,
			);
			name = uploaderthingyTests;
			productName = uploaderthingyTests;
			productReference = BECED08D22ED257D0000ADFE /* uploaderthingyTests.xctest */;
			productType = "com.apple.product-type.bundle.unit-test";
		};
		BECED09722ED257D0000ADFE /* uploaderthingyUITests */ = {
			isa = PBXNativeTarget;
			buildConfigurationList = BECED0A722ED257D0000ADFE /* Build configuration list for PBXNativeTarget "uploaderthingyUITests" */;
			buildPhases = (
				DABEE7D7C005A0417F910124 /* [CP] Check Pods Manifest.lock */,
				BECED09422ED257D0000ADFE /* Sources */,
				BECED09522ED257D0000ADFE /* Frameworks */,
				BECED09622ED257D0000ADFE /* Resources */,
			);
			buildRules = (
			);
			dependencies = (
				BECED09A22ED257D0000ADFE /* PBXTargetDependency */,
			);
			name = uploaderthingyUITests;
			productName = uploaderthingyUITests;
			productReference = BECED09822ED257D0000ADFE /* uploaderthingyUITests.xctest */;
			productType = "com.apple.product-type.bundle.ui-testing";
		};
/* End PBXNativeTarget section */

/* Begin PBXProject section */
		BECED06A22ED257C0000ADFE /* Project object */ = {
			isa = PBXProject;
			attributes = {
				LastSwiftUpdateCheck = 1100;
				LastUpgradeCheck = 1100;
				ORGANIZATIONNAME = generalprogramming;
				TargetAttributes = {
					BE068E6822EF1EAE0000D85D = {
						CreatedOnToolsVersion = 11.0;
					};
					BECED07122ED257C0000ADFE = {
						CreatedOnToolsVersion = 11.0;
					};
					BECED08C22ED257D0000ADFE = {
						CreatedOnToolsVersion = 11.0;
						TestTargetID = BECED07122ED257C0000ADFE;
					};
					BECED09722ED257D0000ADFE = {
						CreatedOnToolsVersion = 11.0;
						TestTargetID = BECED07122ED257C0000ADFE;
					};
				};
			};
			buildConfigurationList = BECED06D22ED257C0000ADFE /* Build configuration list for PBXProject "uploaderthingy" */;
			compatibilityVersion = "Xcode 9.3";
			developmentRegion = en;
			hasScannedForEncodings = 0;
			knownRegions = (
				en,
				Base,
			);
			mainGroup = BECED06922ED257C0000ADFE;
			productRefGroup = BECED07322ED257C0000ADFE /* Products */;
			projectDirPath = "";
			projectRoot = "";
			targets = (
				BECED07122ED257C0000ADFE /* uploaderthingy */,
				BECED08C22ED257D0000ADFE /* uploaderthingyTests */,
				BECED09722ED257D0000ADFE /* uploaderthingyUITests */,
				BE068E6822EF1EAE0000D85D /* sharechild */,
			);
		};
/* End PBXProject section */

/* Begin PBXResourcesBuildPhase section */
		BE068E6722EF1EAE0000D85D /* Resources */ = {
			isa = PBXResourcesBuildPhase;
			buildActionMask = 2147483647;
			files = (
				BE068E6F22EF1EAE0000D85D /* MainInterface.storyboard in Resources */,
			);
			runOnlyForDeploymentPostprocessing = 0;
		};
		BECED07022ED257C0000ADFE /* Resources */ = {
			isa = PBXResourcesBuildPhase;
			buildActionMask = 2147483647;
			files = (
				BECED08722ED257D0000ADFE /* LaunchScreen.storyboard in Resources */,
				BECED08422ED257D0000ADFE /* Assets.xcassets in Resources */,
				BECED07F22ED257C0000ADFE /* Main.storyboard in Resources */,
			);
			runOnlyForDeploymentPostprocessing = 0;
		};
		BECED08B22ED257D0000ADFE /* Resources */ = {
			isa = PBXResourcesBuildPhase;
			buildActionMask = 2147483647;
			files = (
			);
			runOnlyForDeploymentPostprocessing = 0;
		};
		BECED09622ED257D0000ADFE /* Resources */ = {
			isa = PBXResourcesBuildPhase;
			buildActionMask = 2147483647;
			files = (
			);
			runOnlyForDeploymentPostprocessing = 0;
		};
/* End PBXResourcesBuildPhase section */

/* Begin PBXShellScriptBuildPhase section */
		8E83F9190CD17EC220FB06B8 /* [CP] Check Pods Manifest.lock */ = {
			isa = PBXShellScriptBuildPhase;
			buildActionMask = 2147483647;
			files = (
			);
			inputFileListPaths = (
			);
			inputPaths = (
				"${PODS_PODFILE_DIR_PATH}/Podfile.lock",
				"${PODS_ROOT}/Manifest.lock",
			);
			name = "[CP] Check Pods Manifest.lock";
			outputFileListPaths = (
			);
			outputPaths = (
				"$(DERIVED_FILE_DIR)/Pods-uploaderthingy-checkManifestLockResult.txt",
			);
			runOnlyForDeploymentPostprocessing = 0;
			shellPath = /bin/sh;
			shellScript = "diff \"${PODS_PODFILE_DIR_PATH}/Podfile.lock\" \"${PODS_ROOT}/Manifest.lock\" > /dev/null\nif [ $? != 0 ] ; then\n    # print error to STDERR\n    echo \"error: The sandbox is not in sync with the Podfile.lock. Run 'pod install' or update your CocoaPods installation.\" >&2\n    exit 1\nfi\n# This output is used by Xcode 'outputs' to avoid re-running this script phase.\necho \"SUCCESS\" > \"${SCRIPT_OUTPUT_FILE_0}\"\n";
			showEnvVarsInLog = 0;
		};
		B71FCCD57F89CE8BBFEDA28F /* [CP] Check Pods Manifest.lock */ = {
			isa = PBXShellScriptBuildPhase;
			buildActionMask = 2147483647;
			files = (
			);
			inputFileListPaths = (
			);
			inputPaths = (
				"${PODS_PODFILE_DIR_PATH}/Podfile.lock",
				"${PODS_ROOT}/Manifest.lock",
			);
			name = "[CP] Check Pods Manifest.lock";
			outputFileListPaths = (
			);
			outputPaths = (
				"$(DERIVED_FILE_DIR)/Pods-uploaderthingyTests-checkManifestLockResult.txt",
			);
			runOnlyForDeploymentPostprocessing = 0;
			shellPath = /bin/sh;
			shellScript = "diff \"${PODS_PODFILE_DIR_PATH}/Podfile.lock\" \"${PODS_ROOT}/Manifest.lock\" > /dev/null\nif [ $? != 0 ] ; then\n    # print error to STDERR\n    echo \"error: The sandbox is not in sync with the Podfile.lock. Run 'pod install' or update your CocoaPods installation.\" >&2\n    exit 1\nfi\n# This output is used by Xcode 'outputs' to avoid re-running this script phase.\necho \"SUCCESS\" > \"${SCRIPT_OUTPUT_FILE_0}\"\n";
			showEnvVarsInLog = 0;
		};
		DABEE7D7C005A0417F910124 /* [CP] Check Pods Manifest.lock */ = {
			isa = PBXShellScriptBuildPhase;
			buildActionMask = 2147483647;
			files = (
			);
			inputFileListPaths = (
			);
			inputPaths = (
				"${PODS_PODFILE_DIR_PATH}/Podfile.lock",
				"${PODS_ROOT}/Manifest.lock",
			);
			name = "[CP] Check Pods Manifest.lock";
			outputFileListPaths = (
			);
			outputPaths = (
				"$(DERIVED_FILE_DIR)/Pods-uploaderthingyUITests-checkManifestLockResult.txt",
			);
			runOnlyForDeploymentPostprocessing = 0;
			shellPath = /bin/sh;
			shellScript = "diff \"${PODS_PODFILE_DIR_PATH}/Podfile.lock\" \"${PODS_ROOT}/Manifest.lock\" > /dev/null\nif [ $? != 0 ] ; then\n    # print error to STDERR\n    echo \"error: The sandbox is not in sync with the Podfile.lock. Run 'pod install' or update your CocoaPods installation.\" >&2\n    exit 1\nfi\n# This output is used by Xcode 'outputs' to avoid re-running this script phase.\necho \"SUCCESS\" > \"${SCRIPT_OUTPUT_FILE_0}\"\n";
			showEnvVarsInLog = 0;
		};
/* End PBXShellScriptBuildPhase section */

/* Begin PBXSourcesBuildPhase section */
		BE068E6522EF1EAE0000D85D /* Sources */ = {
			isa = PBXSourcesBuildPhase;
			buildActionMask = 2147483647;
			files = (
				BE068E7822EF205F0000D85D /* UploadHelper.swift in Sources */,
				BE068E6C22EF1EAE0000D85D /* ShareViewController.swift in Sources */,
				BE068E7B22EF23C20000D85D /* UploaderModel.xcdatamodeld in Sources */,
				BE068E7A22EF23BE0000D85D /* CoreDataHelper.swift in Sources */,
				BE068E7922EF20750000D85D /* UploadObjects.swift in Sources */,
				BE068E7D22EF25D50000D85D /* Constants.swift in Sources */,
			);
			runOnlyForDeploymentPostprocessing = 0;
		};
		BECED06E22ED257C0000ADFE /* Sources */ = {
			isa = PBXSourcesBuildPhase;
			buildActionMask = 2147483647;
			files = (
				BEB0DEAF22EEC0FD006E431F /* UploadHelper.swift in Sources */,
				BECED07C22ED257C0000ADFE /* UploadController.swift in Sources */,
				BECED07A22ED257C0000ADFE /* ImagesController.swift in Sources */,
				BECED0B622EDCDC10000ADFE /* BaseController.swift in Sources */,
				BEB0DEB222EEC50F006E431F /* Constants.swift in Sources */,
				BEB0DEB022EEC426006E431F /* UploadObjects.swift in Sources */,
				BECED07622ED257C0000ADFE /* AppDelegate.swift in Sources */,
				BE068E6422EF087A0000D85D /* UploaderModel.xcdatamodeld in Sources */,
				BEB0DEAD22EEAFF0006E431F /* CoreDataHelper.swift in Sources */,
				BECED07822ED257C0000ADFE /* SceneDelegate.swift in Sources */,
			);
			runOnlyForDeploymentPostprocessing = 0;
		};
		BECED08922ED257D0000ADFE /* Sources */ = {
			isa = PBXSourcesBuildPhase;
			buildActionMask = 2147483647;
			files = (
				BECED09222ED257D0000ADFE /* uploaderthingyTests.swift in Sources */,
			);
			runOnlyForDeploymentPostprocessing = 0;
		};
		BECED09422ED257D0000ADFE /* Sources */ = {
			isa = PBXSourcesBuildPhase;
			buildActionMask = 2147483647;
			files = (
				BECED09D22ED257D0000ADFE /* uploaderthingyUITests.swift in Sources */,
			);
			runOnlyForDeploymentPostprocessing = 0;
		};
/* End PBXSourcesBuildPhase section */

/* Begin PBXTargetDependency section */
		BE068E7222EF1EAE0000D85D /* PBXTargetDependency */ = {
			isa = PBXTargetDependency;
			target = BE068E6822EF1EAE0000D85D /* sharechild */;
			targetProxy = BE068E7122EF1EAE0000D85D /* PBXContainerItemProxy */;
		};
		BECED08F22ED257D0000ADFE /* PBXTargetDependency */ = {
			isa = PBXTargetDependency;
			target = BECED07122ED257C0000ADFE /* uploaderthingy */;
			targetProxy = BECED08E22ED257D0000ADFE /* PBXContainerItemProxy */;
		};
		BECED09A22ED257D0000ADFE /* PBXTargetDependency */ = {
			isa = PBXTargetDependency;
			target = BECED07122ED257C0000ADFE /* uploaderthingy */;
			targetProxy = BECED09922ED257D0000ADFE /* PBXContainerItemProxy */;
		};
/* End PBXTargetDependency section */

/* Begin PBXVariantGroup section */
		BE068E6D22EF1EAE0000D85D /* MainInterface.storyboard */ = {
			isa = PBXVariantGroup;
			children = (
				BE068E6E22EF1EAE0000D85D /* Base */,
			);
			name = MainInterface.storyboard;
			path = sharechild;
			sourceTree = SOURCE_ROOT;
		};
		BECED07D22ED257C0000ADFE /* Main.storyboard */ = {
			isa = PBXVariantGroup;
			children = (
				BECED07E22ED257C0000ADFE /* Base */,
			);
			name = Main.storyboard;
			sourceTree = "<group>";
		};
		BECED08522ED257D0000ADFE /* LaunchScreen.storyboard */ = {
			isa = PBXVariantGroup;
			children = (
				BECED08622ED257D0000ADFE /* Base */,
			);
			name = LaunchScreen.storyboard;
			sourceTree = "<group>";
		};
/* End PBXVariantGroup section */

/* Begin XCBuildConfiguration section */
		BE068E7522EF1EAE0000D85D /* Debug */ = {
			isa = XCBuildConfiguration;
			buildSettings = {
				CODE_SIGN_ENTITLEMENTS = sharechild/sharechild.entitlements;
				CODE_SIGN_STYLE = Automatic;
				DEVELOPMENT_TEAM = 73VB34JVT8;
				GCC_PREPROCESSOR_DEFINITIONS = (
					"DEBUG=1",
					"$(inherited)",
					"TARGET_IS_EXTENSION=1",
				);
				INFOPLIST_FILE = sharechild/Info.plist;
				LD_RUNPATH_SEARCH_PATHS = (
					"$(inherited)",
					"@executable_path/Frameworks",
					"@executable_path/../../Frameworks",
				);
				PRODUCT_BUNDLE_IDENTIFIER = org.generalprogramming.uploaderthingy.sharechild;
				PRODUCT_NAME = "$(TARGET_NAME)";
				SKIP_INSTALL = YES;
				SWIFT_VERSION = 5.0;
				TARGETED_DEVICE_FAMILY = "1,2";
			};
			name = Debug;
		};
		BE068E7622EF1EAE0000D85D /* Release */ = {
			isa = XCBuildConfiguration;
			buildSettings = {
				CODE_SIGN_ENTITLEMENTS = sharechild/sharechild.entitlements;
				CODE_SIGN_STYLE = Automatic;
				DEVELOPMENT_TEAM = 73VB34JVT8;
				"GCC_PREPROCESSOR_DEFINITIONS[arch=*]" = "TARGET_IS_EXTENSION=1";
				INFOPLIST_FILE = sharechild/Info.plist;
				LD_RUNPATH_SEARCH_PATHS = (
					"$(inherited)",
					"@executable_path/Frameworks",
					"@executable_path/../../Frameworks",
				);
				PRODUCT_BUNDLE_IDENTIFIER = org.generalprogramming.uploaderthingy.sharechild;
				PRODUCT_NAME = "$(TARGET_NAME)";
				SKIP_INSTALL = YES;
				SWIFT_VERSION = 5.0;
				TARGETED_DEVICE_FAMILY = "1,2";
			};
			name = Release;
		};
		BECED09F22ED257D0000ADFE /* Debug */ = {
			isa = XCBuildConfiguration;
			buildSettings = {
				ALWAYS_SEARCH_USER_PATHS = NO;
				CLANG_ANALYZER_NONNULL = YES;
				CLANG_ANALYZER_NUMBER_OBJECT_CONVERSION = YES_AGGRESSIVE;
				CLANG_CXX_LANGUAGE_STANDARD = "gnu++14";
				CLANG_CXX_LIBRARY = "libc++";
				CLANG_ENABLE_MODULES = YES;
				CLANG_ENABLE_OBJC_ARC = YES;
				CLANG_ENABLE_OBJC_WEAK = YES;
				CLANG_WARN_BLOCK_CAPTURE_AUTORELEASING = YES;
				CLANG_WARN_BOOL_CONVERSION = YES;
				CLANG_WARN_COMMA = YES;
				CLANG_WARN_CONSTANT_CONVERSION = YES;
				CLANG_WARN_DEPRECATED_OBJC_IMPLEMENTATIONS = YES;
				CLANG_WARN_DIRECT_OBJC_ISA_USAGE = YES_ERROR;
				CLANG_WARN_DOCUMENTATION_COMMENTS = YES;
				CLANG_WARN_EMPTY_BODY = YES;
				CLANG_WARN_ENUM_CONVERSION = YES;
				CLANG_WARN_INFINITE_RECURSION = YES;
				CLANG_WARN_INT_CONVERSION = YES;
				CLANG_WARN_NON_LITERAL_NULL_CONVERSION = YES;
				CLANG_WARN_OBJC_IMPLICIT_RETAIN_SELF = YES;
				CLANG_WARN_OBJC_LITERAL_CONVERSION = YES;
				CLANG_WARN_OBJC_ROOT_CLASS = YES_ERROR;
				CLANG_WARN_RANGE_LOOP_ANALYSIS = YES;
				CLANG_WARN_STRICT_PROTOTYPES = YES;
				CLANG_WARN_SUSPICIOUS_MOVE = YES;
				CLANG_WARN_UNGUARDED_AVAILABILITY = YES_AGGRESSIVE;
				CLANG_WARN_UNREACHABLE_CODE = YES;
				CLANG_WARN__DUPLICATE_METHOD_MATCH = YES;
				COPY_PHASE_STRIP = NO;
				DEBUG_INFORMATION_FORMAT = dwarf;
				ENABLE_STRICT_OBJC_MSGSEND = YES;
				ENABLE_TESTABILITY = YES;
				GCC_C_LANGUAGE_STANDARD = gnu11;
				GCC_DYNAMIC_NO_PIC = NO;
				GCC_NO_COMMON_BLOCKS = YES;
				GCC_OPTIMIZATION_LEVEL = 0;
				GCC_PREPROCESSOR_DEFINITIONS = (
					"DEBUG=1",
					"$(inherited)",
				);
				GCC_WARN_64_TO_32_BIT_CONVERSION = YES;
				GCC_WARN_ABOUT_RETURN_TYPE = YES_ERROR;
				GCC_WARN_UNDECLARED_SELECTOR = YES;
				GCC_WARN_UNINITIALIZED_AUTOS = YES_AGGRESSIVE;
				GCC_WARN_UNUSED_FUNCTION = YES;
				GCC_WARN_UNUSED_VARIABLE = YES;
				IPHONEOS_DEPLOYMENT_TARGET = 13.0;
				MTL_ENABLE_DEBUG_INFO = INCLUDE_SOURCE;
				MTL_FAST_MATH = YES;
				ONLY_ACTIVE_ARCH = YES;
				SDKROOT = iphoneos;
				SWIFT_ACTIVE_COMPILATION_CONDITIONS = DEBUG;
				SWIFT_OPTIMIZATION_LEVEL = "-Onone";
			};
			name = Debug;
		};
		BECED0A022ED257D0000ADFE /* Release */ = {
			isa = XCBuildConfiguration;
			buildSettings = {
				ALWAYS_SEARCH_USER_PATHS = NO;
				CLANG_ANALYZER_NONNULL = YES;
				CLANG_ANALYZER_NUMBER_OBJECT_CONVERSION = YES_AGGRESSIVE;
				CLANG_CXX_LANGUAGE_STANDARD = "gnu++14";
				CLANG_CXX_LIBRARY = "libc++";
				CLANG_ENABLE_MODULES = YES;
				CLANG_ENABLE_OBJC_ARC = YES;
				CLANG_ENABLE_OBJC_WEAK = YES;
				CLANG_WARN_BLOCK_CAPTURE_AUTORELEASING = YES;
				CLANG_WARN_BOOL_CONVERSION = YES;
				CLANG_WARN_COMMA = YES;
				CLANG_WARN_CONSTANT_CONVERSION = YES;
				CLANG_WARN_DEPRECATED_OBJC_IMPLEMENTATIONS = YES;
				CLANG_WARN_DIRECT_OBJC_ISA_USAGE = YES_ERROR;
				CLANG_WARN_DOCUMENTATION_COMMENTS = YES;
				CLANG_WARN_EMPTY_BODY = YES;
				CLANG_WARN_ENUM_CONVERSION = YES;
				CLANG_WARN_INFINITE_RECURSION = YES;
				CLANG_WARN_INT_CONVERSION = YES;
				CLANG_WARN_NON_LITERAL_NULL_CONVERSION = YES;
				CLANG_WARN_OBJC_IMPLICIT_RETAIN_SELF = YES;
				CLANG_WARN_OBJC_LITERAL_CONVERSION = YES;
				CLANG_WARN_OBJC_ROOT_CLASS = YES_ERROR;
				CLANG_WARN_RANGE_LOOP_ANALYSIS = YES;
				CLANG_WARN_STRICT_PROTOTYPES = YES;
				CLANG_WARN_SUSPICIOUS_MOVE = YES;
				CLANG_WARN_UNGUARDED_AVAILABILITY = YES_AGGRESSIVE;
				CLANG_WARN_UNREACHABLE_CODE = YES;
				CLANG_WARN__DUPLICATE_METHOD_MATCH = YES;
				COPY_PHASE_STRIP = NO;
				DEBUG_INFORMATION_FORMAT = "dwarf-with-dsym";
				ENABLE_NS_ASSERTIONS = NO;
				ENABLE_STRICT_OBJC_MSGSEND = YES;
				GCC_C_LANGUAGE_STANDARD = gnu11;
				GCC_NO_COMMON_BLOCKS = YES;
				GCC_WARN_64_TO_32_BIT_CONVERSION = YES;
				GCC_WARN_ABOUT_RETURN_TYPE = YES_ERROR;
				GCC_WARN_UNDECLARED_SELECTOR = YES;
				GCC_WARN_UNINITIALIZED_AUTOS = YES_AGGRESSIVE;
				GCC_WARN_UNUSED_FUNCTION = YES;
				GCC_WARN_UNUSED_VARIABLE = YES;
				IPHONEOS_DEPLOYMENT_TARGET = 13.0;
				MTL_ENABLE_DEBUG_INFO = NO;
				MTL_FAST_MATH = YES;
				SDKROOT = iphoneos;
				SWIFT_COMPILATION_MODE = wholemodule;
				SWIFT_OPTIMIZATION_LEVEL = "-O";
				VALIDATE_PRODUCT = YES;
			};
			name = Release;
		};
		BECED0A222ED257D0000ADFE /* Debug */ = {
			isa = XCBuildConfiguration;
			baseConfigurationReference = F6E4EA5CB7B452289F6E944E /* Pods-uploaderthingy.debug.xcconfig */;
			buildSettings = {
				ALWAYS_EMBED_SWIFT_STANDARD_LIBRARIES = YES;
				ASSETCATALOG_COMPILER_APPICON_NAME = AppIcon;
				CODE_SIGN_ENTITLEMENTS = uploaderthingy/uploaderthingy.entitlements;
				"CODE_SIGN_IDENTITY[sdk=macosx*]" = "Apple Development";
				CODE_SIGN_STYLE = Automatic;
				DERIVE_UIKITFORMAC_PRODUCT_BUNDLE_IDENTIFIER = YES;
				DEVELOPMENT_TEAM = 73VB34JVT8;
				"ENABLE_HARDENED_RUNTIME[sdk=macosx*]" = YES;
				GCC_PREPROCESSOR_DEFINITIONS = (
					"$(inherited)",
					"COCOAPODS=1",
					"TARGET_IS_APP=1",
				);
				INFOPLIST_FILE = uploaderthingy/Info.plist;
				IPHONEOS_DEPLOYMENT_TARGET = 13.0;
				LD_RUNPATH_SEARCH_PATHS = (
					"$(inherited)",
					"@executable_path/Frameworks",
				);
				PRODUCT_BUNDLE_IDENTIFIER = org.generalprogramming.uploaderthingy;
				PRODUCT_NAME = "$(TARGET_NAME)";
				SUPPORTS_MACCATALYST = NO;
				SUPPORTS_UIKITFORMAC = YES;
				SWIFT_VERSION = 5.0;
				TARGETED_DEVICE_FAMILY = "1,2";
			};
			name = Debug;
		};
		BECED0A322ED257D0000ADFE /* Release */ = {
			isa = XCBuildConfiguration;
			baseConfigurationReference = 43CCA539C3722DE172D89BE3 /* Pods-uploaderthingy.release.xcconfig */;
			buildSettings = {
				ALWAYS_EMBED_SWIFT_STANDARD_LIBRARIES = YES;
				ASSETCATALOG_COMPILER_APPICON_NAME = AppIcon;
				CODE_SIGN_ENTITLEMENTS = uploaderthingy/uploaderthingy.entitlements;
				"CODE_SIGN_IDENTITY[sdk=macosx*]" = "Apple Development";
				CODE_SIGN_STYLE = Automatic;
				DERIVE_UIKITFORMAC_PRODUCT_BUNDLE_IDENTIFIER = YES;
				DEVELOPMENT_TEAM = 73VB34JVT8;
				"ENABLE_HARDENED_RUNTIME[sdk=macosx*]" = YES;
				GCC_PREPROCESSOR_DEFINITIONS = (
					"$(inherited)",
					"COCOAPODS=1",
					"TARGET_IS_APP=1",
				);
				INFOPLIST_FILE = uploaderthingy/Info.plist;
				IPHONEOS_DEPLOYMENT_TARGET = 13.0;
				LD_RUNPATH_SEARCH_PATHS = (
					"$(inherited)",
					"@executable_path/Frameworks",
				);
				PRODUCT_BUNDLE_IDENTIFIER = org.generalprogramming.uploaderthingy;
				PRODUCT_NAME = "$(TARGET_NAME)";
				SUPPORTS_MACCATALYST = NO;
				SUPPORTS_UIKITFORMAC = YES;
				SWIFT_VERSION = 5.0;
				TARGETED_DEVICE_FAMILY = "1,2";
			};
			name = Release;
		};
		BECED0A522ED257D0000ADFE /* Debug */ = {
			isa = XCBuildConfiguration;
			baseConfigurationReference = 341317B90BE1FD56EB7CBC4F /* Pods-uploaderthingyTests.debug.xcconfig */;
			buildSettings = {
				ALWAYS_EMBED_SWIFT_STANDARD_LIBRARIES = YES;
				BUNDLE_LOADER = "$(TEST_HOST)";
				CODE_SIGN_STYLE = Automatic;
				INFOPLIST_FILE = uploaderthingyTests/Info.plist;
				LD_RUNPATH_SEARCH_PATHS = (
					"$(inherited)",
					"@executable_path/Frameworks",
					"@loader_path/Frameworks",
				);
				PRODUCT_BUNDLE_IDENTIFIER = org.generalprogramming.uploaderthingyTests;
				PRODUCT_NAME = "$(TARGET_NAME)";
				SWIFT_VERSION = 5.0;
				TARGETED_DEVICE_FAMILY = "1,2";
				TEST_HOST = "$(BUILT_PRODUCTS_DIR)/uploaderthingy.app/uploaderthingy";
			};
			name = Debug;
		};
		BECED0A622ED257D0000ADFE /* Release */ = {
			isa = XCBuildConfiguration;
			baseConfigurationReference = FF292CBB8319D5D886DF5C62 /* Pods-uploaderthingyTests.release.xcconfig */;
			buildSettings = {
				ALWAYS_EMBED_SWIFT_STANDARD_LIBRARIES = YES;
				BUNDLE_LOADER = "$(TEST_HOST)";
				CODE_SIGN_STYLE = Automatic;
				INFOPLIST_FILE = uploaderthingyTests/Info.plist;
				LD_RUNPATH_SEARCH_PATHS = (
					"$(inherited)",
					"@executable_path/Frameworks",
					"@loader_path/Frameworks",
				);
				PRODUCT_BUNDLE_IDENTIFIER = org.generalprogramming.uploaderthingyTests;
				PRODUCT_NAME = "$(TARGET_NAME)";
				SWIFT_VERSION = 5.0;
				TARGETED_DEVICE_FAMILY = "1,2";
				TEST_HOST = "$(BUILT_PRODUCTS_DIR)/uploaderthingy.app/uploaderthingy";
			};
			name = Release;
		};
		BECED0A822ED257D0000ADFE /* Debug */ = {
			isa = XCBuildConfiguration;
			baseConfigurationReference = DACADCDA66B6719BD1400B39 /* Pods-uploaderthingyUITests.debug.xcconfig */;
			buildSettings = {
				ALWAYS_EMBED_SWIFT_STANDARD_LIBRARIES = YES;
				CODE_SIGN_STYLE = Automatic;
				INFOPLIST_FILE = uploaderthingyUITests/Info.plist;
				LD_RUNPATH_SEARCH_PATHS = (
					"$(inherited)",
					"@executable_path/Frameworks",
					"@loader_path/Frameworks",
				);
				PRODUCT_BUNDLE_IDENTIFIER = org.generalprogramming.uploaderthingyUITests;
				PRODUCT_NAME = "$(TARGET_NAME)";
				SWIFT_VERSION = 5.0;
				TARGETED_DEVICE_FAMILY = "1,2";
				TEST_TARGET_NAME = uploaderthingy;
			};
			name = Debug;
		};
		BECED0A922ED257D0000ADFE /* Release */ = {
			isa = XCBuildConfiguration;
			baseConfigurationReference = D929A4DE7913854758100C64 /* Pods-uploaderthingyUITests.release.xcconfig */;
			buildSettings = {
				ALWAYS_EMBED_SWIFT_STANDARD_LIBRARIES = YES;
				CODE_SIGN_STYLE = Automatic;
				INFOPLIST_FILE = uploaderthingyUITests/Info.plist;
				LD_RUNPATH_SEARCH_PATHS = (
					"$(inherited)",
					"@executable_path/Frameworks",
					"@loader_path/Frameworks",
				);
				PRODUCT_BUNDLE_IDENTIFIER = org.generalprogramming.uploaderthingyUITests;
				PRODUCT_NAME = "$(TARGET_NAME)";
				SWIFT_VERSION = 5.0;
				TARGETED_DEVICE_FAMILY = "1,2";
				TEST_TARGET_NAME = uploaderthingy;
			};
			name = Release;
		};
/* End XCBuildConfiguration section */

/* Begin XCConfigurationList section */
		BE068E7422EF1EAE0000D85D /* Build configuration list for PBXNativeTarget "sharechild" */ = {
			isa = XCConfigurationList;
			buildConfigurations = (
				BE068E7522EF1EAE0000D85D /* Debug */,
				BE068E7622EF1EAE0000D85D /* Release */,
			);
			defaultConfigurationIsVisible = 0;
			defaultConfigurationName = Release;
		};
		BECED06D22ED257C0000ADFE /* Build configuration list for PBXProject "uploaderthingy" */ = {
			isa = XCConfigurationList;
			buildConfigurations = (
				BECED09F22ED257D0000ADFE /* Debug */,
				BECED0A022ED257D0000ADFE /* Release */,
			);
			defaultConfigurationIsVisible = 0;
			defaultConfigurationName = Release;
		};
		BECED0A122ED257D0000ADFE /* Build configuration list for PBXNativeTarget "uploaderthingy" */ = {
			isa = XCConfigurationList;
			buildConfigurations = (
				BECED0A222ED257D0000ADFE /* Debug */,
				BECED0A322ED257D0000ADFE /* Release */,
			);
			defaultConfigurationIsVisible = 0;
			defaultConfigurationName = Release;
		};
		BECED0A422ED257D0000ADFE /* Build configuration list for PBXNativeTarget "uploaderthingyTests" */ = {
			isa = XCConfigurationList;
			buildConfigurations = (
				BECED0A522ED257D0000ADFE /* Debug */,
				BECED0A622ED257D0000ADFE /* Release */,
			);
			defaultConfigurationIsVisible = 0;
			defaultConfigurationName = Release;
		};
		BECED0A722ED257D0000ADFE /* Build configuration list for PBXNativeTarget "uploaderthingyUITests" */ = {
			isa = XCConfigurationList;
			buildConfigurations = (
				BECED0A822ED257D0000ADFE /* Debug */,
				BECED0A922ED257D0000ADFE /* Release */,
			);
			defaultConfigurationIsVisible = 0;
			defaultConfigurationName = Release;
		};
/* End XCConfigurationList section */

/* Begin XCVersionGroup section */
		BE068E6222EF087A0000D85D /* UploaderModel.xcdatamodeld */ = {
			isa = XCVersionGroup;
			children = (
				BE068E6322EF087A0000D85D /* UploaderCoreDataModel.xcdatamodel */,
			);
			currentVersion = BE068E6322EF087A0000D85D /* UploaderCoreDataModel.xcdatamodel */;
			name = UploaderModel.xcdatamodeld;
			path = /System/Volumes/Data/Users/meme/nocloud/git_repos/uploaderthingy/uploaderthingy/uploaderthingy/Model/UploaderModel.xcdatamodeld;
			sourceTree = "<absolute>";
			versionGroupType = wrapper.xcdatamodel;
		};
/* End XCVersionGroup section */
	};
	rootObject = BECED06A22ED257C0000ADFE /* Project object */;
}
